
Microsoft Visual Studio Solution File, Format Version 12.00
# Visual Studio Version 17
VisualStudioVersion = 17.5.33516.290
MinimumVisualStudioVersion = 10.0.40219.1
Project("{8BC9CEB8-8B4A-11D0-8D11-00A0C91BC942}") = "BinarySearchTree", "BinarySearchTree\BinarySearchTree.vcxproj", "{86E4C949-9ACB-403A-95F3-4AF93AB78F0E}"
EndProject
Global
	GlobalSection(SolutionConfigurationPlatforms) = preSolution
		Debug|x64 = Debug|x64
		Debug|x86 = Debug|x86
		Release|x64 = Release|x64
		Release|x86 = Release|x86
	EndGlobalSection
	GlobalSection(ProjectConfigurationPlatforms) = postSolution
		{86E4C949-9ACB-403A-95F3-4AF93AB78F0E}.Debug|x64.ActiveCfg = Debug|x64
		{86E4C949-9ACB-403A-95F3-4AF93AB78F0E}.Debug|x64.Build.0 = Debug|x64
		{86E4C949-9ACB-403A-95F3-4AF93AB78F0E}.Debug|x86.ActiveCfg = Debug|Win32
		{86E4C949-9ACB-403A-95F3-4AF93AB78F0E}.Debug|x86.Build.0 = Debug|Win32
		{86E4C949-9ACB-403A-95F3-4AF93AB78F0E}.Release|x64.ActiveCfg = Release|x64
		{86E4C949-9ACB-403A-95F3-4AF93AB78F0E}.Release|x64.Build.0 = Release|x64
		{86E4C949-9ACB-403A-95F3-4AF93AB78F0E}.Release|x86.ActiveCfg = Release|Win32
		{86E4C949-9ACB-403A-95F3-4AF93AB78F0E}.Release|x86.Build.0 = Release|Win32
	EndGlobalSection
	GlobalSection(SolutionProperties) = preSolution
		HideSolutionNode = FALSE
	EndGlobalSection
	GlobalSection(ExtensibilityGlobals) = postSolution
		SolutionGuid = {2F192828-F179-465B-9F81-AF909CFDA9E8}
	EndGlobalSection
EndGlobal
